{
  "version": "3",
  "redirects": {
    "https://crux.land/router@0.0.5": "https://crux.land/api/get/2KNRVU.ts",
    "https://deno.land/std/testing/asserts.ts": "https://deno.land/std@0.182.0/testing/asserts.ts",
    "https://deno.land/x/denock/mod.ts": "https://deno.land/x/denock@0.2.0/mod.ts"
  },
  "remote": {
    "https://crux.land/api/get/2KNRVU.ts": "6a77d55844aba78d01520c5ff0b2f0af7f24cc1716a0de8b3bb6bd918c47b5ba",
    "https://deno.land/std@0.182.0/fmt/colors.ts": "d67e3cd9f472535241a8e410d33423980bec45047e343577554d3356e1f0ef4e",
    "https://deno.land/std@0.182.0/testing/_diff.ts": "1a3c044aedf77647d6cac86b798c6417603361b66b54c53331b312caeb447aea",
    "https://deno.land/std@0.182.0/testing/_format.ts": "a69126e8a469009adf4cf2a50af889aca364c349797e63174884a52ff75cf4c7",
    "https://deno.land/std@0.182.0/testing/asserts.ts": "e16d98b4d73ffc4ed498d717307a12500ae4f2cbe668f1a215632d19fcffc22f",
    "https://deno.land/std@0.210.0/encoding/_util.ts": "f368920189c4fe6592ab2e93bd7ded8f3065b84f95cd3e036a4a10a75649dcba",
    "https://deno.land/std@0.210.0/encoding/base64.ts": "cdc3810253462ccc7b2818429c1613e581f7999ff1ff5b0a6854e0cc38caffeb",
    "https://deno.land/std@0.211.0/assert/assert.ts": "bec068b2fccdd434c138a555b19a2c2393b71dfaada02b7d568a01541e67cdc5",
    "https://deno.land/std@0.211.0/assert/assertion_error.ts": "9f689a101ee586c4ce92f52fa7ddd362e86434ffdf1f848e45987dc7689976b8",
    "https://deno.land/std@0.211.0/encoding/_util.ts": "beacef316c1255da9bc8e95afb1fa56ed69baef919c88dc06ae6cb7a6103d376",
    "https://deno.land/std@0.211.0/encoding/base64.ts": "0ec6d6e6b68fc38f6396277e5184bcd47c1a9db0222fd0b563487eb67e352741",
    "https://deno.land/std@0.211.0/fmt/colors.ts": "be082d6a6bbb2980ae7b2bf8c23c6bb2811ba90a06a9bcb861344a71784c5a99",
    "https://deno.land/std@0.211.0/fs/exists.ts": "d2757ef764eaf5c6c5af7228e8447db2de42ab084a2dae540097f905723d83f5",
    "https://deno.land/std@0.211.0/log/formatters.ts": "1f15655539114dee5349d4a0f4279a91ef1a4aa6d43cfb8da796cd8d54230150",
    "https://deno.land/std@0.211.0/log/handlers.ts": "64129871b28bc2320bf0215c09aed476a80bcc4662256dac124731c6e0c41f9e",
    "https://deno.land/std@0.211.0/log/levels.ts": "106caa4c032d7d29966c6d2ddad566017568db69ad1cafe2c03ce6fa38d21002",
    "https://deno.land/std@0.211.0/log/logger.ts": "93b01b463d5ac933da19a05d8725b5f54bd209596a573d41aeffccca2b003f9e",
    "https://deno.land/std@0.211.0/log/mod.ts": "c955d3885ad45a36ca4266c27a6e72dc9385796fc7d91296e712e3aac1b98138",
    "https://deno.land/std@0.61.0/fmt/colors.ts": "06444b6ebc3842a4b2340d804bfa81fc5452a03513cbb81bd7f6bf8f4b8f3ac4",
    "https://deno.land/std@0.61.0/testing/asserts.ts": "e12228748a139acfbf00c3ef6022fefd9fc265d7c2034368bad2cd80099c76df",
    "https://deno.land/std@0.61.0/testing/diff.ts": "77338e2b479626c096278d7b4a95f750753ee39558f314db6b794e8d8a98d515",
    "https://deno.land/x/denock@0.2.0/mod.ts": "4acacf865255e5a7098fa05f2997e4cc02fa129dc527146dc33b9ed97cce5c59",
    "https://deno.land/x/denock@0.2.0/src/deps.ts": "9fedda42bce2fbba9cb9fa7b2467b0aef413d35f58a7a91f19ce98b75920665d",
    "https://deno.land/x/denock@0.2.0/src/extractBodyFromRequest.ts": "ed6dbd61c82329245f4a9ae3a97bb8c88fe09890ca45af13291beeaba6e6ee97",
    "https://deno.land/x/denock@0.2.0/src/extractMethodAndBodyFromRequestInitObject.ts": "b720d910b952101fc200444671f3e203094c08c77561db55fdaa8da5c752b7f4",
    "https://deno.land/x/denock@0.2.0/src/formatTargetUrlFromOptions.ts": "7de95be8d9cf5a5b62487f7fa056214ae93ec894e504873c13a264b9e09230f4",
    "https://deno.land/x/denock@0.2.0/src/index.ts": "d499dcac9948e02a9790db8aa2a5313e942836acfead5add4319db8dcc210280",
    "https://deno.land/x/denock@0.2.0/src/type.ts": "4d454d024079389bcf370ee78672827c380b81b1d65de0a54bf563db48e4073d",
    "https://deno.land/x/denock@0.2.0/src/typeguard.ts": "d348d58d81588c0f7aee437576a76ca46c09f7f95a010e4129ca146eb8ff246a",
    "https://deno.land/x/denock@0.2.0/src/verifyMatch.ts": "836dd17b74c1d7ab7024a759ee0bf3732fd4fdbf69a0828cb1e5cce2936a1cc9",
    "https://deno.land/x/mock_fetch@0.3.0/mod.ts": "7e7806c65ab17b2b684c334c4e565812bdaf504a3e9c938d2bb52bb67428bc89",
    "https://deno.land/x/xml@2.1.3/mod.ts": "4a314a7a28d1ec92f899ce4c6991f0356c77550a75955ec3f4a36733f08548e8",
    "https://deno.land/x/xml@2.1.3/parse.ts": "614b8648345ae93c641368836947484d321c7ac9312ae12ec750434353cd7385",
    "https://deno.land/x/xml@2.1.3/stringify.ts": "930d35431f153b29d36549cff08fcfbe978e52ccb56af1e3baa2e0760f418b04",
    "https://deno.land/x/xml@2.1.3/utils/parser.ts": "263e06191bf7ec983eb542743f377f29f8a715590d67d1ffe4c848dd13389452",
    "https://deno.land/x/xml@2.1.3/utils/stream.ts": "056e2f368d47932d77e431bbc4a8292359171cc9ce881ea31ce0aae30d763e68",
    "https://deno.land/x/xml@2.1.3/utils/streamable.ts": "1603a5f10c859b95d4e9502365a0fba0b19d5d068356e20d5a6813cd37fee780",
    "https://deno.land/x/xml@2.1.3/utils/stringifier.ts": "c701b506835237c0c6c0a08fd94e0a012b644def3f4c819c64788daf2e649ea3",
    "https://deno.land/x/xml@2.1.3/utils/types.ts": "ecaf7785e54a6f1da6f8e56da2bce9853407ceb7d5b3b70f0a60a0890151fe4c"
  }
}
